<?xml version="1.0" encoding="utf-8"?>
<Project ToolsVersion="4.0" xmlns="http://schemas.microsoft.com/developer/msbuild/2003">
  <ItemGroup>
    <Filter Include="Source Files">
      <UniqueIdentifier>{4FC737F1-C7A5-4376-A066-2A32D752A2FF}</UniqueIdentifier>
      <Extensions>cpp;c;cc;cxx;def;odl;idl;hpj;bat;asm;asmx</Extensions>
    </Filter>
    <Filter Include="Header Files">
      <UniqueIdentifier>{93995380-89BD-4b04-88EB-625FBE52EBFB}</UniqueIdentifier>
      <Extensions>h;hh;hpp;hxx;hm;inl;inc;ipp;xsd</Extensions>
    </Filter>
    <Filter Include="Header Files\xxhash">
      <UniqueIdentifier>{8799bec2-329c-4c6a-9b34-474dbf9059e5}</UniqueIdentifier>
    </Filter>
    <Filter Include="Source Files\xxhash">
      <UniqueIdentifier>{876aaf4e-54e0-4cbc-bca6-85e0500f3d04}</UniqueIdentifier>
    </Filter>
  </ItemGroup>
  <ItemGroup>
    <ClInclude Include="NetAddress.h">
      <Filter>Header Files</Filter>
    </ClInclude>
    <ClInclude Include="BaseSocket.h">
      <Filter>Header Files</Filter>
    </ClInclude>
    <ClInclude Include="BaseTransportLayer.h">
      <Filter>Header Files</Filter>
    </ClInclude>
    <ClInclude Include="BasePacket.h">
      <Filter>Header Files</Filter>
    </ClInclude>
    <ClInclude Include="BaseSerializer.h">
      <Filter>Header Files</Filter>
    </ClInclude>
    <ClInclude Include="xxhash.h">
      <Filter>Header Files\xxhash</Filter>
    </ClInclude>
    <ClInclude Include="MAFNET.h">
      <Filter>Header Files</Filter>
    </ClInclude>
    <ClInclude Include="Debug.h">
      <Filter>Header Files</Filter>
    </ClInclude>
  </ItemGroup>
  <ItemGroup>
    <ClCompile Include="BaseSerializer.cpp">
      <Filter>Source Files</Filter>
    </ClCompile>
    <ClCompile Include="NetAddress.cpp">
      <Filter>Source Files</Filter>
    </ClCompile>
    <ClCompile Include="BaseTransportLayer.cpp">
      <Filter>Source Files</Filter>
    </ClCompile>
    <ClCompile Include="BasePacket.cpp">
      <Filter>Source Files</Filter>
    </ClCompile>
    <ClCompile Include="BaseSocket.cpp">
      <Filter>Source Files</Filter>
    </ClCompile>
    <ClCompile Include="xxhash.cpp">
      <Filter>Source Files\xxhash</Filter>
    </ClCompile>
    <ClCompile Include="Debug.cpp">
      <Filter>Source Files</Filter>
    </ClCompile>
  </ItemGroup>
</Project>